{
  "name": "project",
  "version": "1.0.0",
  "lockfileVersion": 2,
  "requires": true,
  "packages": {
    "": {
      "name": "project",
      "version": "1.0.0",
      "license": "ISC",
      "dependencies": {
        "@openzeppelin/contracts": "^4.5.0",
        "@rarible/lazy-mint": "^0.5.5"
      }
    },
    "node_modules/@openzeppelin/contracts": {
      "version": "4.5.0",
      "resolved": "https://registry.npmjs.org/@openzeppelin/contracts/-/contracts-4.5.0.tgz",
      "integrity": "sha512-fdkzKPYMjrRiPK6K4y64e6GzULR7R7RwxSigHS8DDp7aWDeoReqsQI+cxHV1UuhAqX69L1lAaWDxenfP+xiqzA=="
    },
    "node_modules/@openzeppelin/contracts-upgradeable": {
      "version": "3.4.0",
      "resolved": "https://registry.npmjs.org/@openzeppelin/contracts-upgradeable/-/contracts-upgradeable-3.4.0.tgz",
      "integrity": "sha512-7wBcbukDqWZt/B1zjb7zyeWq+AC7rx7nGln7/hPxHdKd8PAiiteXd51Cp2KmGP8qaY0/TXh/fQLsA082LWp8Zw=="
    },
    "node_modules/@rarible/lazy-mint": {
      "version": "0.5.5",
      "resolved": "https://registry.npmjs.org/@rarible/lazy-mint/-/lazy-mint-0.5.5.tgz",
      "integrity": "sha512-894KRsbZaIf09bcy7P8Lf/IcJA1vxkTgAIxBeYFd/DlyUM3fjyQJ17TUeWcShKY94fMVTsm7rdtKrZIxfvdVKA==",
      "dependencies": {
        "@openzeppelin/contracts-upgradeable": "3.4.0",
        "@rarible/libraries": "^0.1.2",
        "@rarible/royalties": "^0.7.4"
      }
    },
    "node_modules/@rarible/libraries": {
      "version": "0.1.2",
      "resolved": "https://registry.npmjs.org/@rarible/libraries/-/libraries-0.1.2.tgz",
      "integrity": "sha512-8Jo33lRtpxlvWQLxL3RMv/umkXLEU+Jb1lzw2Ri8NIpygmBzfEIjVF2QuAAv6UgCybKQwTsfEq7cb+Thqi+oLQ=="
    },
    "node_modules/@rarible/royalties": {
      "version": "0.7.4",
      "resolved": "https://registry.npmjs.org/@rarible/royalties/-/royalties-0.7.4.tgz",
      "integrity": "sha512-A+tWB3D7UDAsOuEaaIptRNNlV9Q8v7ZTNrR6s66epVzkYcXBfNzTZ1uXBbtuP9JaGOUZsHeyVQ9Peph595cy/g=="
    }
  },
  "dependencies": {
    "@openzeppelin/contracts": {
      "version": "4.5.0",
      "resolved": "https://registry.npmjs.org/@openzeppelin/contracts/-/contracts-4.5.0.tgz",
      "integrity": "sha512-fdkzKPYMjrRiPK6K4y64e6GzULR7R7RwxSigHS8DDp7aWDeoReqsQI+cxHV1UuhAqX69L1lAaWDxenfP+xiqzA=="
    },
    "@openzeppelin/contracts-upgradeable": {
      "version": "3.4.0",
      "resolved": "https://registry.npmjs.org/@openzeppelin/contracts-upgradeable/-/contracts-upgradeable-3.4.0.tgz",
      "integrity": "sha512-7wBcbukDqWZt/B1zjb7zyeWq+AC7rx7nGln7/hPxHdKd8PAiiteXd51Cp2KmGP8qaY0/TXh/fQLsA082LWp8Zw=="
    },
    "@rarible/lazy-mint": {
      "version": "0.5.5",
      "resolved": "https://registry.npmjs.org/@rarible/lazy-mint/-/lazy-mint-0.5.5.tgz",
      "integrity": "sha512-894KRsbZaIf09bcy7P8Lf/IcJA1vxkTgAIxBeYFd/DlyUM3fjyQJ17TUeWcShKY94fMVTsm7rdtKrZIxfvdVKA==",
      "requires": {
        "@openzeppelin/contracts-upgradeable": "3.4.0",
        "@rarible/libraries": "^0.1.2",
        "@rarible/royalties": "^0.7.4"
      }
    },
    "@rarible/libraries": {
      "version": "0.1.2",
      "resolved": "https://registry.npmjs.org/@rarible/libraries/-/libraries-0.1.2.tgz",
      "integrity": "sha512-8Jo33lRtpxlvWQLxL3RMv/umkXLEU+Jb1lzw2Ri8NIpygmBzfEIjVF2QuAAv6UgCybKQwTsfEq7cb+Thqi+oLQ=="
    },
    "@rarible/royalties": {
      "version": "0.7.4",
      "resolved": "https://registry.npmjs.org/@rarible/royalties/-/royalties-0.7.4.tgz",
      "integrity": "sha512-A+tWB3D7UDAsOuEaaIptRNNlV9Q8v7ZTNrR6s66epVzkYcXBfNzTZ1uXBbtuP9JaGOUZsHeyVQ9Peph595cy/g=="
    }
  }
}
